
Microsoft Visual Studio Solution File, Format Version 12.00
# Visual Studio Version 16
VisualStudioVersion = 16.0.31112.23
MinimumVisualStudioVersion = 10.0.40219.1
Project("{FAE04EC0-301F-11D3-BF4B-00C04F79EFBC}") = "space", "space\space.csproj", "{152F1B8C-852C-4AC6-A773-16FE26D6607E}"
EndProject
Global
	GlobalSection(SolutionConfigurationPlatforms) = preSolution
		Debug|Any CPU = Debug|Any CPU
		Release|Any CPU = Release|Any CPU
	EndGlobalSection
	GlobalSection(ProjectConfigurationPlatforms) = postSolution
		{152F1B8C-852C-4AC6-A773-16FE26D6607E}.Debug|Any CPU.ActiveCfg = Debug|Any CPU
		{152F1B8C-852C-4AC6-A773-16FE26D6607E}.Debug|Any CPU.Build.0 = Debug|Any CPU
		{152F1B8C-852C-4AC6-A773-16FE26D6607E}.Release|Any CPU.ActiveCfg = Release|Any CPU
		{152F1B8C-852C-4AC6-A773-16FE26D6607E}.Release|Any CPU.Build.0 = Release|Any CPU
	EndGlobalSection
	GlobalSection(SolutionProperties) = preSolution
		HideSolutionNode = FALSE
	EndGlobalSection
	GlobalSection(ExtensibilityGlobals) = postSolution
		SolutionGuid = {45E10D12-1D95-404D-A60E-6E4E96A47BEC}
	EndGlobalSection
EndGlobal
